
Microsoft Visual Studio Solution File, Format Version 12.00
# Visual Studio Version 16
VisualStudioVersion = 25.0.1706.3
MinimumVisualStudioVersion = 10.0.40219.1
Project("{2150E333-8FDC-42A3-9474-1A3956D46DE8}") = "Items", "Items", "{34327AFB-8358-4144-9250-A1E0F7DB1FA3}"
	ProjectSection(SolutionItems) = preProject
		.gitignore = .gitignore
		.dockerignore = .dockerignore
	EndProjectSection
EndProject
Project("{2150E333-8FDC-42A3-9474-1A3956D46DE8}") = "Docs", "Docs", "{8DDA41FF-B4B1-45F8-ACFC-BE077D9C6A63}"
	ProjectSection(SolutionItems) = preProject
		LICENSE = LICENSE
		README.md = README.md
		ROADMAP.md = ROADMAP.md
		SECURITY.md = SECURITY.md
	EndProjectSection
EndProject
Project("{2150E333-8FDC-42A3-9474-1A3956D46DE8}") = "Src", "Src", "{6BD1164C-580C-461E-B45C-29359BD197A0}"
EndProject
Project("{2150E333-8FDC-42A3-9474-1A3956D46DE8}") = "Test", "Test", "{47ABF5D0-69DC-462D-B318-F8D6E5600603}"
EndProject
Project("{2150E333-8FDC-42A3-9474-1A3956D46DE8}") = "Nexus", "Nexus", "{E1271972-C197-437A-A8A6-2F97B62F93B6}"
EndProject
Project("{2150E333-8FDC-42A3-9474-1A3956D46DE8}") = "Framework", "Framework", "{87133E66-EDE4-4D1A-A83B-59D26805DB51}"
EndProject
Project("{2150E333-8FDC-42A3-9474-1A3956D46DE8}") = "Sample", "Sample", "{CC05EB36-B2D9-40F6-B636-6AB42445FA95}"
EndProject
Project("{FAE04EC0-301F-11D3-BF4B-00C04F79EFBC}") = "DRN.Test", "DRN.Test\DRN.Test.csproj", "{B1E0CC7B-1F06-4B61-B329-5CFE13B7FF83}"
EndProject
Project("{FAE04EC0-301F-11D3-BF4B-00C04F79EFBC}") = "DRN.Nexus.Application", "DRN.Nexus.Application\DRN.Nexus.Application.csproj", "{9872F239-1D46-4118-9961-3EAA12B79752}"
EndProject
Project("{FAE04EC0-301F-11D3-BF4B-00C04F79EFBC}") = "DRN.Nexus.Contract", "DRN.Nexus.Contract\DRN.Nexus.Contract.csproj", "{55A56D16-6380-4A8F-A163-9B196CB6E36D}"
EndProject
Project("{FAE04EC0-301F-11D3-BF4B-00C04F79EFBC}") = "DRN.Nexus.Domain", "DRN.Nexus.Domain\DRN.Nexus.Domain.csproj", "{4C04A7D6-9EC8-4DA3-BBB6-D8E1421F0F71}"
EndProject
Project("{FAE04EC0-301F-11D3-BF4B-00C04F79EFBC}") = "DRN.Nexus.Infra", "DRN.Nexus.Infra\DRN.Nexus.Infra.csproj", "{85A8738C-0370-46EF-9CE5-4419A25FED2F}"
EndProject
Project("{FAE04EC0-301F-11D3-BF4B-00C04F79EFBC}") = "DRN.Nexus.Utils", "DRN.Nexus.Utils\DRN.Nexus.Utils.csproj", "{6E7756BD-AE55-4FF0-8A43-70C207E7F79B}"
EndProject
Project("{FAE04EC0-301F-11D3-BF4B-00C04F79EFBC}") = "DRN.Nexus.Hosted", "DRN.Nexus.Hosted\DRN.Nexus.Hosted.csproj", "{0CA663FB-A8F2-4725-AD7E-BB59DB809E11}"
EndProject
Project("{FAE04EC0-301F-11D3-BF4B-00C04F79EFBC}") = "Sample.Hosted", "Sample.Hosted\Sample.Hosted.csproj", "{9FCB23EB-A24D-48AE-91B8-53C40A3122BE}"
EndProject
Project("{FAE04EC0-301F-11D3-BF4B-00C04F79EFBC}") = "Sample.Application", "Sample.Application\Sample.Application.csproj", "{480A1DA3-C2A9-4551-A096-F5D5B9B5A9C7}"
EndProject
Project("{FAE04EC0-301F-11D3-BF4B-00C04F79EFBC}") = "Sample.Infra", "Sample.Infra\Sample.Infra.csproj", "{209BA37C-8B6D-47DC-88B2-9B32AF45C0C0}"
EndProject
Project("{FAE04EC0-301F-11D3-BF4B-00C04F79EFBC}") = "Sample.Contract", "Sample.Contract\Sample.Contract.csproj", "{3D9DCF84-739E-4238-9A6D-52E5DBADCEEB}"
EndProject
Project("{FAE04EC0-301F-11D3-BF4B-00C04F79EFBC}") = "Sample.Domain", "Sample.Domain\Sample.Domain.csproj", "{8CE50C1E-E97D-4EED-ABF1-24A915D1F4AF}"
EndProject
Project("{FAE04EC0-301F-11D3-BF4B-00C04F79EFBC}") = "Sample.Utils", "Sample.Utils\Sample.Utils.csproj", "{D1185297-7637-4751-999F-73409313B7C2}"
EndProject
Project("{FAE04EC0-301F-11D3-BF4B-00C04F79EFBC}") = "DRN.Framework.Utils", "DRN.Framework.Utils\DRN.Framework.Utils.csproj", "{9561E0FD-F836-42AA-A31D-5F7FABF17FBD}"
EndProject
Project("{FAE04EC0-301F-11D3-BF4B-00C04F79EFBC}") = "DRN.Framework.File", "DRN.Framework.File\DRN.Framework.File.csproj", "{036C2007-969F-4AAC-B229-B92D5D7064B1}"
EndProject
Project("{FAE04EC0-301F-11D3-BF4B-00C04F79EFBC}") = "DRN.Framework.MassTransit", "DRN.Framework.MassTransit\DRN.Framework.MassTransit.csproj", "{A05AE9D1-AF32-4269-B8AF-92706E13214B}"
EndProject
Project("{FAE04EC0-301F-11D3-BF4B-00C04F79EFBC}") = "DRN.Framework.Jobs", "DRN.Framework.Jobs\DRN.Framework.Jobs.csproj", "{05432428-86DA-484B-B8A0-8539BA3384FE}"
EndProject
Project("{FAE04EC0-301F-11D3-BF4B-00C04F79EFBC}") = "DRN.Framework.EntityFramework", "DRN.Framework.EntityFramework\DRN.Framework.EntityFramework.csproj", "{0016810B-C212-411A-9C10-25D09A688544}"
EndProject
Project("{FAE04EC0-301F-11D3-BF4B-00C04F79EFBC}") = "DRN.Framework.SharedKernel", "DRN.Framework.SharedKernel\DRN.Framework.SharedKernel.csproj", "{07D2CAAA-93ED-423E-A474-A1AD25161C79}"
EndProject
Project("{FAE04EC0-301F-11D3-BF4B-00C04F79EFBC}") = "DRN.Framework.Asp", "DRN.Framework.Asp\DRN.Framework.Asp.csproj", "{0573F6B9-C631-4081-A3BA-8ACF113E609C}"
EndProject
Project("{FAE04EC0-301F-11D3-BF4B-00C04F79EFBC}") = "DRN.Framework.Hosting", "DRN.Framework.Hosting\DRN.Framework.Hosting.csproj", "{B8F83858-DB21-44A8-A6F1-931ECDE46F77}"
EndProject
Project("{2150E333-8FDC-42A3-9474-1A3956D46DE8}") = "Docker", "Docker", "{9D198C49-7A4A-4284-A344-12E162E3561C}"
	ProjectSection(SolutionItems) = preProject
		Docker\.dockerignore = Docker\.dockerignore
		Docker\.env = Docker\.env
		Docker\docker-compose.yml = Docker\docker-compose.yml
	EndProjectSection
EndProject
Project("{2150E333-8FDC-42A3-9474-1A3956D46DE8}") = "Graylog", "Graylog", "{6C33639B-9AB8-42D3-85A7-E307F50116DD}"
	ProjectSection(SolutionItems) = preProject
		Docker\Graylog\docker-compose.yml = Docker\Graylog\docker-compose.yml
		Docker\Graylog\.env = Docker\Graylog\.env
		Docker\Graylog\.dockerignore = Docker\Graylog\.dockerignore
	EndProjectSection
EndProject
Project("{2150E333-8FDC-42A3-9474-1A3956D46DE8}") = "Postgre", "Postgre", "{D0477995-D8CB-4E0E-9E33-FE08AE4EAC95}"
	ProjectSection(SolutionItems) = preProject
		Docker\Postgre\docker-compose.yml = Docker\Postgre\docker-compose.yml
		Docker\Postgre\.env = Docker\Postgre\.env
		Docker\Postgre\.dockerignore = Docker\Postgre\.dockerignore
	EndProjectSection
EndProject
Project("{2150E333-8FDC-42A3-9474-1A3956D46DE8}") = "Rabbitmq", "Rabbitmq", "{690B525D-D899-48F4-9FD0-23057E3E3D8C}"
	ProjectSection(SolutionItems) = preProject
		Docker\Rabbitmq\docker-compose.yml = Docker\Rabbitmq\docker-compose.yml
		Docker\Rabbitmq\.env = Docker\Rabbitmq\.env
		Docker\Rabbitmq\.dockerignore = Docker\Rabbitmq\.dockerignore
	EndProjectSection
EndProject
Project("{2150E333-8FDC-42A3-9474-1A3956D46DE8}") = "image", "image", "{CF67D1FA-CECE-4C91-9F27-E299A718298B}"
	ProjectSection(SolutionItems) = preProject
		Docker\Rabbitmq\image\definitions.json = Docker\Rabbitmq\image\definitions.json
		Docker\Rabbitmq\image\Dockerfile = Docker\Rabbitmq\image\Dockerfile
		Docker\Rabbitmq\image\rabbitmq.conf = Docker\Rabbitmq\image\rabbitmq.conf
		Docker\Rabbitmq\image\rabbitmq_delayed_message_exchange-3.12.0.ez = Docker\Rabbitmq\image\rabbitmq_delayed_message_exchange-3.12.0.ez
	EndProjectSection
EndProject
Project("{E53339B2-1760-4266-BCC7-CA923CBCF16C}") = "docker-compose", "docker-compose.dcproj", "{4D309D5E-EF0D-48E8-A141-3077D94E5D7B}"
EndProject
Project("{FAE04EC0-301F-11D3-BF4B-00C04F79EFBC}") = "DRN.Framework.Testing", "DRN.Framework.Testing\DRN.Framework.Testing.csproj", "{4DD30400-D67C-41B6-89D7-FDB706DDD5DF}"
EndProject
Project("{2150E333-8FDC-42A3-9474-1A3956D46DE8}") = ".github", ".github", "{43B4E0EE-4473-4F25-A087-7ABBCFC0EB19}"
EndProject
Project("{2150E333-8FDC-42A3-9474-1A3956D46DE8}") = "workflows", "workflows", "{3156647F-BAB1-4C7D-8D36-90F0771B757D}"
	ProjectSection(SolutionItems) = preProject
		.github\workflows\develop.yml = .github\workflows\develop.yml
		.github\workflows\master.yml = .github\workflows\master.yml
		.github\workflows\release.yml = .github\workflows\release.yml
		.github\workflows\release-preview.yml = .github\workflows\release-preview.yml
	EndProjectSection
EndProject
Project("{2150E333-8FDC-42A3-9474-1A3956D46DE8}") = "actions", "actions", "{43057003-6BEC-4C46-822A-1D2934A594D6}"
	ProjectSection(SolutionItems) = preProject
		.github\workflows\actions\nuget-publish.yml = .github\workflows\actions\nuget-publish.yml
	EndProjectSection
EndProject
Global
	GlobalSection(SolutionConfigurationPlatforms) = preSolution
		Debug|Any CPU = Debug|Any CPU
		Release|Any CPU = Release|Any CPU
	EndGlobalSection
	GlobalSection(ProjectConfigurationPlatforms) = postSolution
		{B1E0CC7B-1F06-4B61-B329-5CFE13B7FF83}.Debug|Any CPU.ActiveCfg = Debug|Any CPU
		{B1E0CC7B-1F06-4B61-B329-5CFE13B7FF83}.Debug|Any CPU.Build.0 = Debug|Any CPU
		{B1E0CC7B-1F06-4B61-B329-5CFE13B7FF83}.Release|Any CPU.ActiveCfg = Release|Any CPU
		{B1E0CC7B-1F06-4B61-B329-5CFE13B7FF83}.Release|Any CPU.Build.0 = Release|Any CPU
		{9872F239-1D46-4118-9961-3EAA12B79752}.Debug|Any CPU.ActiveCfg = Debug|Any CPU
		{9872F239-1D46-4118-9961-3EAA12B79752}.Debug|Any CPU.Build.0 = Debug|Any CPU
		{9872F239-1D46-4118-9961-3EAA12B79752}.Release|Any CPU.ActiveCfg = Release|Any CPU
		{9872F239-1D46-4118-9961-3EAA12B79752}.Release|Any CPU.Build.0 = Release|Any CPU
		{55A56D16-6380-4A8F-A163-9B196CB6E36D}.Debug|Any CPU.ActiveCfg = Debug|Any CPU
		{55A56D16-6380-4A8F-A163-9B196CB6E36D}.Debug|Any CPU.Build.0 = Debug|Any CPU
		{55A56D16-6380-4A8F-A163-9B196CB6E36D}.Release|Any CPU.ActiveCfg = Release|Any CPU
		{55A56D16-6380-4A8F-A163-9B196CB6E36D}.Release|Any CPU.Build.0 = Release|Any CPU
		{4C04A7D6-9EC8-4DA3-BBB6-D8E1421F0F71}.Debug|Any CPU.ActiveCfg = Debug|Any CPU
		{4C04A7D6-9EC8-4DA3-BBB6-D8E1421F0F71}.Debug|Any CPU.Build.0 = Debug|Any CPU
		{4C04A7D6-9EC8-4DA3-BBB6-D8E1421F0F71}.Release|Any CPU.ActiveCfg = Release|Any CPU
		{4C04A7D6-9EC8-4DA3-BBB6-D8E1421F0F71}.Release|Any CPU.Build.0 = Release|Any CPU
		{85A8738C-0370-46EF-9CE5-4419A25FED2F}.Debug|Any CPU.ActiveCfg = Debug|Any CPU
		{85A8738C-0370-46EF-9CE5-4419A25FED2F}.Debug|Any CPU.Build.0 = Debug|Any CPU
		{85A8738C-0370-46EF-9CE5-4419A25FED2F}.Release|Any CPU.ActiveCfg = Release|Any CPU
		{85A8738C-0370-46EF-9CE5-4419A25FED2F}.Release|Any CPU.Build.0 = Release|Any CPU
		{6E7756BD-AE55-4FF0-8A43-70C207E7F79B}.Debug|Any CPU.ActiveCfg = Debug|Any CPU
		{6E7756BD-AE55-4FF0-8A43-70C207E7F79B}.Debug|Any CPU.Build.0 = Debug|Any CPU
		{6E7756BD-AE55-4FF0-8A43-70C207E7F79B}.Release|Any CPU.ActiveCfg = Release|Any CPU
		{6E7756BD-AE55-4FF0-8A43-70C207E7F79B}.Release|Any CPU.Build.0 = Release|Any CPU
		{0CA663FB-A8F2-4725-AD7E-BB59DB809E11}.Debug|Any CPU.ActiveCfg = Debug|Any CPU
		{0CA663FB-A8F2-4725-AD7E-BB59DB809E11}.Debug|Any CPU.Build.0 = Debug|Any CPU
		{0CA663FB-A8F2-4725-AD7E-BB59DB809E11}.Release|Any CPU.ActiveCfg = Release|Any CPU
		{0CA663FB-A8F2-4725-AD7E-BB59DB809E11}.Release|Any CPU.Build.0 = Release|Any CPU
		{9FCB23EB-A24D-48AE-91B8-53C40A3122BE}.Debug|Any CPU.ActiveCfg = Debug|Any CPU
		{9FCB23EB-A24D-48AE-91B8-53C40A3122BE}.Debug|Any CPU.Build.0 = Debug|Any CPU
		{9FCB23EB-A24D-48AE-91B8-53C40A3122BE}.Release|Any CPU.ActiveCfg = Release|Any CPU
		{9FCB23EB-A24D-48AE-91B8-53C40A3122BE}.Release|Any CPU.Build.0 = Release|Any CPU
		{480A1DA3-C2A9-4551-A096-F5D5B9B5A9C7}.Debug|Any CPU.ActiveCfg = Debug|Any CPU
		{480A1DA3-C2A9-4551-A096-F5D5B9B5A9C7}.Debug|Any CPU.Build.0 = Debug|Any CPU
		{480A1DA3-C2A9-4551-A096-F5D5B9B5A9C7}.Release|Any CPU.ActiveCfg = Release|Any CPU
		{480A1DA3-C2A9-4551-A096-F5D5B9B5A9C7}.Release|Any CPU.Build.0 = Release|Any CPU
		{209BA37C-8B6D-47DC-88B2-9B32AF45C0C0}.Debug|Any CPU.ActiveCfg = Debug|Any CPU
		{209BA37C-8B6D-47DC-88B2-9B32AF45C0C0}.Debug|Any CPU.Build.0 = Debug|Any CPU
		{209BA37C-8B6D-47DC-88B2-9B32AF45C0C0}.Release|Any CPU.ActiveCfg = Release|Any CPU
		{209BA37C-8B6D-47DC-88B2-9B32AF45C0C0}.Release|Any CPU.Build.0 = Release|Any CPU
		{3D9DCF84-739E-4238-9A6D-52E5DBADCEEB}.Debug|Any CPU.ActiveCfg = Debug|Any CPU
		{3D9DCF84-739E-4238-9A6D-52E5DBADCEEB}.Debug|Any CPU.Build.0 = Debug|Any CPU
		{3D9DCF84-739E-4238-9A6D-52E5DBADCEEB}.Release|Any CPU.ActiveCfg = Release|Any CPU
		{3D9DCF84-739E-4238-9A6D-52E5DBADCEEB}.Release|Any CPU.Build.0 = Release|Any CPU
		{8CE50C1E-E97D-4EED-ABF1-24A915D1F4AF}.Debug|Any CPU.ActiveCfg = Debug|Any CPU
		{8CE50C1E-E97D-4EED-ABF1-24A915D1F4AF}.Debug|Any CPU.Build.0 = Debug|Any CPU
		{8CE50C1E-E97D-4EED-ABF1-24A915D1F4AF}.Release|Any CPU.ActiveCfg = Release|Any CPU
		{8CE50C1E-E97D-4EED-ABF1-24A915D1F4AF}.Release|Any CPU.Build.0 = Release|Any CPU
		{D1185297-7637-4751-999F-73409313B7C2}.Debug|Any CPU.ActiveCfg = Debug|Any CPU
		{D1185297-7637-4751-999F-73409313B7C2}.Debug|Any CPU.Build.0 = Debug|Any CPU
		{D1185297-7637-4751-999F-73409313B7C2}.Release|Any CPU.ActiveCfg = Release|Any CPU
		{D1185297-7637-4751-999F-73409313B7C2}.Release|Any CPU.Build.0 = Release|Any CPU
		{9561E0FD-F836-42AA-A31D-5F7FABF17FBD}.Debug|Any CPU.ActiveCfg = Debug|Any CPU
		{9561E0FD-F836-42AA-A31D-5F7FABF17FBD}.Debug|Any CPU.Build.0 = Debug|Any CPU
		{9561E0FD-F836-42AA-A31D-5F7FABF17FBD}.Release|Any CPU.ActiveCfg = Release|Any CPU
		{9561E0FD-F836-42AA-A31D-5F7FABF17FBD}.Release|Any CPU.Build.0 = Release|Any CPU
		{036C2007-969F-4AAC-B229-B92D5D7064B1}.Debug|Any CPU.ActiveCfg = Debug|Any CPU
		{036C2007-969F-4AAC-B229-B92D5D7064B1}.Debug|Any CPU.Build.0 = Debug|Any CPU
		{036C2007-969F-4AAC-B229-B92D5D7064B1}.Release|Any CPU.ActiveCfg = Release|Any CPU
		{036C2007-969F-4AAC-B229-B92D5D7064B1}.Release|Any CPU.Build.0 = Release|Any CPU
		{A05AE9D1-AF32-4269-B8AF-92706E13214B}.Debug|Any CPU.ActiveCfg = Debug|Any CPU
		{A05AE9D1-AF32-4269-B8AF-92706E13214B}.Debug|Any CPU.Build.0 = Debug|Any CPU
		{A05AE9D1-AF32-4269-B8AF-92706E13214B}.Release|Any CPU.ActiveCfg = Release|Any CPU
		{A05AE9D1-AF32-4269-B8AF-92706E13214B}.Release|Any CPU.Build.0 = Release|Any CPU
		{05432428-86DA-484B-B8A0-8539BA3384FE}.Debug|Any CPU.ActiveCfg = Debug|Any CPU
		{05432428-86DA-484B-B8A0-8539BA3384FE}.Debug|Any CPU.Build.0 = Debug|Any CPU
		{05432428-86DA-484B-B8A0-8539BA3384FE}.Release|Any CPU.ActiveCfg = Release|Any CPU
		{05432428-86DA-484B-B8A0-8539BA3384FE}.Release|Any CPU.Build.0 = Release|Any CPU
		{0016810B-C212-411A-9C10-25D09A688544}.Debug|Any CPU.ActiveCfg = Debug|Any CPU
		{0016810B-C212-411A-9C10-25D09A688544}.Debug|Any CPU.Build.0 = Debug|Any CPU
		{0016810B-C212-411A-9C10-25D09A688544}.Release|Any CPU.ActiveCfg = Release|Any CPU
		{0016810B-C212-411A-9C10-25D09A688544}.Release|Any CPU.Build.0 = Release|Any CPU
		{07D2CAAA-93ED-423E-A474-A1AD25161C79}.Debug|Any CPU.ActiveCfg = Debug|Any CPU
		{07D2CAAA-93ED-423E-A474-A1AD25161C79}.Debug|Any CPU.Build.0 = Debug|Any CPU
		{07D2CAAA-93ED-423E-A474-A1AD25161C79}.Release|Any CPU.ActiveCfg = Release|Any CPU
		{07D2CAAA-93ED-423E-A474-A1AD25161C79}.Release|Any CPU.Build.0 = Release|Any CPU
		{0573F6B9-C631-4081-A3BA-8ACF113E609C}.Debug|Any CPU.ActiveCfg = Debug|Any CPU
		{0573F6B9-C631-4081-A3BA-8ACF113E609C}.Debug|Any CPU.Build.0 = Debug|Any CPU
		{0573F6B9-C631-4081-A3BA-8ACF113E609C}.Release|Any CPU.ActiveCfg = Release|Any CPU
		{0573F6B9-C631-4081-A3BA-8ACF113E609C}.Release|Any CPU.Build.0 = Release|Any CPU
		{B8F83858-DB21-44A8-A6F1-931ECDE46F77}.Debug|Any CPU.ActiveCfg = Debug|Any CPU
		{B8F83858-DB21-44A8-A6F1-931ECDE46F77}.Debug|Any CPU.Build.0 = Debug|Any CPU
		{B8F83858-DB21-44A8-A6F1-931ECDE46F77}.Release|Any CPU.ActiveCfg = Release|Any CPU
		{B8F83858-DB21-44A8-A6F1-931ECDE46F77}.Release|Any CPU.Build.0 = Release|Any CPU
		{4D309D5E-EF0D-48E8-A141-3077D94E5D7B}.Debug|Any CPU.ActiveCfg = Debug|Any CPU
		{4D309D5E-EF0D-48E8-A141-3077D94E5D7B}.Debug|Any CPU.Build.0 = Debug|Any CPU
		{4D309D5E-EF0D-48E8-A141-3077D94E5D7B}.Release|Any CPU.ActiveCfg = Release|Any CPU
		{4D309D5E-EF0D-48E8-A141-3077D94E5D7B}.Release|Any CPU.Build.0 = Release|Any CPU
		{4DD30400-D67C-41B6-89D7-FDB706DDD5DF}.Debug|Any CPU.ActiveCfg = Debug|Any CPU
		{4DD30400-D67C-41B6-89D7-FDB706DDD5DF}.Debug|Any CPU.Build.0 = Debug|Any CPU
		{4DD30400-D67C-41B6-89D7-FDB706DDD5DF}.Release|Any CPU.ActiveCfg = Release|Any CPU
		{4DD30400-D67C-41B6-89D7-FDB706DDD5DF}.Release|Any CPU.Build.0 = Release|Any CPU
	EndGlobalSection
	GlobalSection(SolutionProperties) = preSolution
		HideSolutionNode = FALSE
	EndGlobalSection
	GlobalSection(ExtensibilityGlobals) = postSolution
		SolutionGuid = {21308070-F453-4CFF-868F-456E7E712D90}
	EndGlobalSection
	GlobalSection(NestedProjects) = preSolution
		{E1271972-C197-437A-A8A6-2F97B62F93B6} = {6BD1164C-580C-461E-B45C-29359BD197A0}
		{87133E66-EDE4-4D1A-A83B-59D26805DB51} = {6BD1164C-580C-461E-B45C-29359BD197A0}
		{CC05EB36-B2D9-40F6-B636-6AB42445FA95} = {6BD1164C-580C-461E-B45C-29359BD197A0}
		{B1E0CC7B-1F06-4B61-B329-5CFE13B7FF83} = {47ABF5D0-69DC-462D-B318-F8D6E5600603}
		{9872F239-1D46-4118-9961-3EAA12B79752} = {E1271972-C197-437A-A8A6-2F97B62F93B6}
		{55A56D16-6380-4A8F-A163-9B196CB6E36D} = {E1271972-C197-437A-A8A6-2F97B62F93B6}
		{4C04A7D6-9EC8-4DA3-BBB6-D8E1421F0F71} = {E1271972-C197-437A-A8A6-2F97B62F93B6}
		{85A8738C-0370-46EF-9CE5-4419A25FED2F} = {E1271972-C197-437A-A8A6-2F97B62F93B6}
		{6E7756BD-AE55-4FF0-8A43-70C207E7F79B} = {E1271972-C197-437A-A8A6-2F97B62F93B6}
		{0CA663FB-A8F2-4725-AD7E-BB59DB809E11} = {E1271972-C197-437A-A8A6-2F97B62F93B6}
		{9FCB23EB-A24D-48AE-91B8-53C40A3122BE} = {CC05EB36-B2D9-40F6-B636-6AB42445FA95}
		{480A1DA3-C2A9-4551-A096-F5D5B9B5A9C7} = {CC05EB36-B2D9-40F6-B636-6AB42445FA95}
		{209BA37C-8B6D-47DC-88B2-9B32AF45C0C0} = {CC05EB36-B2D9-40F6-B636-6AB42445FA95}
		{3D9DCF84-739E-4238-9A6D-52E5DBADCEEB} = {CC05EB36-B2D9-40F6-B636-6AB42445FA95}
		{8CE50C1E-E97D-4EED-ABF1-24A915D1F4AF} = {CC05EB36-B2D9-40F6-B636-6AB42445FA95}
		{D1185297-7637-4751-999F-73409313B7C2} = {CC05EB36-B2D9-40F6-B636-6AB42445FA95}
		{9561E0FD-F836-42AA-A31D-5F7FABF17FBD} = {87133E66-EDE4-4D1A-A83B-59D26805DB51}
		{036C2007-969F-4AAC-B229-B92D5D7064B1} = {87133E66-EDE4-4D1A-A83B-59D26805DB51}
		{A05AE9D1-AF32-4269-B8AF-92706E13214B} = {87133E66-EDE4-4D1A-A83B-59D26805DB51}
		{05432428-86DA-484B-B8A0-8539BA3384FE} = {87133E66-EDE4-4D1A-A83B-59D26805DB51}
		{0016810B-C212-411A-9C10-25D09A688544} = {87133E66-EDE4-4D1A-A83B-59D26805DB51}
		{07D2CAAA-93ED-423E-A474-A1AD25161C79} = {87133E66-EDE4-4D1A-A83B-59D26805DB51}
		{0573F6B9-C631-4081-A3BA-8ACF113E609C} = {87133E66-EDE4-4D1A-A83B-59D26805DB51}
		{B8F83858-DB21-44A8-A6F1-931ECDE46F77} = {87133E66-EDE4-4D1A-A83B-59D26805DB51}
		{6C33639B-9AB8-42D3-85A7-E307F50116DD} = {9D198C49-7A4A-4284-A344-12E162E3561C}
		{D0477995-D8CB-4E0E-9E33-FE08AE4EAC95} = {9D198C49-7A4A-4284-A344-12E162E3561C}
		{690B525D-D899-48F4-9FD0-23057E3E3D8C} = {9D198C49-7A4A-4284-A344-12E162E3561C}
		{CF67D1FA-CECE-4C91-9F27-E299A718298B} = {690B525D-D899-48F4-9FD0-23057E3E3D8C}
		{4DD30400-D67C-41B6-89D7-FDB706DDD5DF} = {87133E66-EDE4-4D1A-A83B-59D26805DB51}
		{43B4E0EE-4473-4F25-A087-7ABBCFC0EB19} = {34327AFB-8358-4144-9250-A1E0F7DB1FA3}
		{3156647F-BAB1-4C7D-8D36-90F0771B757D} = {43B4E0EE-4473-4F25-A087-7ABBCFC0EB19}
		{43057003-6BEC-4C46-822A-1D2934A594D6} = {3156647F-BAB1-4C7D-8D36-90F0771B757D}
	EndGlobalSection
EndGlobal
