{
  "version": 1,
  "dependencies": {
    "net10.0": {
      "Microsoft.AspNetCore.Authentication.MicrosoftAccount": {
        "type": "Direct",
        "requested": "[10.0.11, )",
        "resolved": "10.0.11",
        "contentHash": "PUwaMLX0OA4b60TjxYq9esTMh07P154YmuU8D5huZjnbQvYSQc3OfBoR/+5vwx+oLJ6bOAoqxPL0om+SkovXGQ=="
      },
      "QRCoder": {
        "type": "Direct",
        "requested": "[1.8.0, )",
        "resolved": "1.8.0",
        "contentHash": "RuvX3PEXU6pbY/I5ItAk800jm62r+YnoPLgyS2WTgwxkOnGkOfU9ORiipHUF0LkLyqM8rlroUCA319JjRYfRFQ==",
        "dependencies": {
          "System.Drawing.Common": "6.0.0"
        }
      },
      "AutoFixture": {
        "type": "Transitive",
        "resolved": "5.0.0-rc.1",
        "contentHash": "pZZ3co8BQOwuLJ/IEmpfjV/vz0qxiY9+UZOaE7MSw4+AxULCMmGiiqX8DVi7+WlfTZRIXDAxGrI0/oWBiJEn3g==",
        "dependencies": {
          "Fare": "[2.2.2, 3.0.0)",
          "System.ComponentModel.Annotations": "5.0.0"
        }
      },
      "AutoFixture.AutoNSubstitute": {
        "type": "Transitive",
        "resolved": "5.0.0-rc.1",
        "contentHash": "rkuJ/ZVBiRNxRz51qnp/78xmaz7iRyrBMNsYArTrrxLrNJ7dL8Lt15plAZ5fAOS2cC9zUnqGHqW4RxFN1oMIYw==",
        "dependencies": {
          "AutoFixture": "5.0.0-rc.1",
          "NSubstitute": "[5.0.0, 7.0.0)"
        }
      },
      "AutoFixture.Xunit3": {
        "type": "Transitive",
        "resolved": "5.0.0-rc.1",
        "contentHash": "zLZ82c358spD37cOrHG57Jz8eD6zXzxmhAxQl0sBZauqfjrvVeup503Wo9VSdUPkkvOwa3+aGYgsbS9JU6eOBA==",
        "dependencies": {
          "AutoFixture": "5.0.0-rc.1",
          "xunit.v3.extensibility.core": "1.0.0"
        }
      },
      "AwesomeAssertions": {
        "type": "Transitive",
        "resolved": "9.6.0",
        "contentHash": "8kdtgI+tZIgP46ncnk650/dU4JSrn+n2Dkic8FvjIFn72P6Nv1Afyr5F8F3PsokHg1GBSBVo1/Z+eZOrU5esSA=="
      },
      "Blake3.Native": {
        "type": "Transitive",
        "resolved": "3.0.2",
        "contentHash": "Yq4rCmvgPsjJhB4reD98RwxFWq51BvnSrnNlcFq8aA+6da6atTJTdgAhxN4UqcwpDsa8wBqbgGf/52thhbSEjA=="
      },
      "BouncyCastle.Cryptography": {
        "type": "Transitive",
        "resolved": "2.7.0",
        "contentHash": "U+12df8UEWHgBi04YVf/Lgi2dy3SItlIYvHjjEVa/BngCQIzDCDRBk50DDByCfDvSbe5pRNFr3b7UrVK2kMcLw=="
      },
      "Castle.Core": {
        "type": "Transitive",
        "resolved": "5.0.0",
        "contentHash": "edc8jjyXqzzy8jFdhs36FZdwmlDDTgqPb2Zy1Q5F/f2uAc88bu/VS/0Tpvgupmpl9zJOvOo5ZizVANb0ltN1NQ=="
      },
      "Docker.DotNet.Enhanced": {
        "type": "Transitive",
        "resolved": "4.3.3",
        "contentHash": "nGicLwvd42FhRk+khY5uS6cx49ErNdwYKnYBg0F4m4BDKLp/R77AVmmN9xAiqI3W/wN5ZCHkdUhgxf5ORkZuFQ==",
        "dependencies": {
          "Docker.DotNet.Enhanced.Handler.Abstractions": "4.3.3",
          "Docker.DotNet.Enhanced.LegacyHttp": "4.3.3",
          "Docker.DotNet.Enhanced.NPipe": "4.3.3",
          "Docker.DotNet.Enhanced.NativeHttp": "4.3.3",
          "Docker.DotNet.Enhanced.Unix": "4.3.3"
        }
      },
      "Docker.DotNet.Enhanced.Handler.Abstractions": {
        "type": "Transitive",
        "resolved": "4.3.3",
        "contentHash": "9Cp8hOgtynixcDoAs9lnEaQosluojSYmiW3fsLsLIVfZjlq/fznSIZNUhnmyT4Xo1Iyuok/y49WL/25O47u0Pw=="
      },
      "Docker.DotNet.Enhanced.LegacyHttp": {
        "type": "Transitive",
        "resolved": "4.3.3",
        "contentHash": "7j3M16emv9PAQN7VwFn23xLYNj8GJmwPOcogveHkaWnOCqiC+anRaNKQwqIBNApM1AuwZKivehTKTPmmrjUUnw==",
        "dependencies": {
          "Docker.DotNet.Enhanced.Handler.Abstractions": "4.3.3"
        }
      },
      "Docker.DotNet.Enhanced.NativeHttp": {
        "type": "Transitive",
        "resolved": "4.3.3",
        "contentHash": "iNzK+jRFeEMobSA7l/h4ARwCKOOefOWtVN5/RB0ft6/6H6IQXvVUuOgGyZAjYLBT7TsyClRYno2B904f3dtBuQ==",
        "dependencies": {
          "Docker.DotNet.Enhanced.Handler.Abstractions": "4.3.3"
        }
      },
      "Docker.DotNet.Enhanced.NPipe": {
        "type": "Transitive",
        "resolved": "4.3.3",
        "contentHash": "ZTLYufuEfY0e6qLOgeH9QgXx2KYuoABRVaY5A8rsggyLgYqbDj9rCRfVAhHPCUv83S7pVxDHy+Tvm/BnxjWVpg==",
        "dependencies": {
          "Docker.DotNet.Enhanced.Handler.Abstractions": "4.3.3"
        }
      },
      "Docker.DotNet.Enhanced.Unix": {
        "type": "Transitive",
        "resolved": "4.3.3",
        "contentHash": "ypo8qNbmvHw1t9VfpRTMogCw2vht6VjkXzlGYUUeP2H2bf83USURdla1maW1njn2oq2rfLUFOGMfmt+A37QU2w==",
        "dependencies": {
          "Docker.DotNet.Enhanced.Handler.Abstractions": "4.3.3"
        }
      },
      "Docker.DotNet.Enhanced.X509": {
        "type": "Transitive",
        "resolved": "4.3.3",
        "contentHash": "oBDibWezEv4hgj3RIQxI3DVcxkNV1MdrD0d/jhjUu+h3DL+qc0wlkQva15kkwMatXmC/hWp1VP0DMoFXe+BmEw==",
        "dependencies": {
          "Docker.DotNet.Enhanced.Handler.Abstractions": "4.3.3"
        }
      },
      "EFCore.NamingConventions": {
        "type": "Transitive",
        "resolved": "10.0.1",
        "contentHash": "Xs5k8XfNKPkkQSkGmZkmDI1je0prLTdxse+s8PgTFZxyBrlrTLzTBUTVJtQKSsbvu4y+luAv8DdtO5SALJE++A==",
        "dependencies": {
          "Microsoft.EntityFrameworkCore": "[10.0.1, 11.0.0)",
          "Microsoft.EntityFrameworkCore.Relational": "[10.0.1, 11.0.0)"
        }
      },
      "Fare": {
        "type": "Transitive",
        "resolved": "2.2.2",
        "contentHash": "DSwNX78zWZtgI7F5O+llezBtZxX9Fp/yr2jZJ4WxBEAdm7gI3wsO+/a/E54QusBAF9z8icv9bmyfWEwKlWdaTg=="
      },
      "Flurl": {
        "type": "Transitive",
        "resolved": "4.0.0",
        "contentHash": "rpts69yYgvJqg6PPgqShBQEZ4aNzWQqWpWppcT0oDWxDCIsBqiod4pj6LQZdhk+1OozLFagemldMRACdHF3CsA=="
      },
      "Flurl.Http": {
        "type": "Transitive",
        "resolved": "4.0.2",
        "contentHash": "9vCqFFyceA11yplkFD8AbCFFTvG1Lrw3tpsgOpL5sLUc28p6zcvGszNleuT6nDymRvtt5eS+rqUX+bRztg1fhA==",
        "dependencies": {
          "Flurl": "4.0.0"
        }
      },
      "Humanizer.Core": {
        "type": "Transitive",
        "resolved": "2.14.1",
        "contentHash": "lQKvtaTDOXnoVJ20ibTuSIOf2i0uO0MPbDhd1jm238I+U/2ZnRENj0cktKZhtchBMtCUSRQ5v4xBCUbKNmyVMw=="
      },
      "Microsoft.AspNetCore.DataProtection.EntityFrameworkCore": {
        "type": "Transitive",
        "resolved": "10.0.11",
        "contentHash": "hMzgy/JpKNy7vKJBp9iBHiGqGGi+vtPNV8qSamQy3vOO3sPE8RslYkMz6pgCYIkLhLPr29J0lLj7SnA0J5Eoqw==",
        "dependencies": {
          "Microsoft.EntityFrameworkCore": "10.0.11"
        }
      },
      "Microsoft.AspNetCore.Identity.EntityFrameworkCore": {
        "type": "Transitive",
        "resolved": "10.0.11",
        "contentHash": "N3+Fs465t08FyrQ+uoQyYH6TehLjtuGr/v5IjlFZANBbsivq9M5xFCVD25Ktq+HpWCfWXIrRjoakgymzO2trlw==",
        "dependencies": {
          "Microsoft.EntityFrameworkCore.Relational": "10.0.11"
        }
      },
      "Microsoft.AspNetCore.Mvc.Testing": {
        "type": "Transitive",
        "resolved": "10.0.11",
        "contentHash": "BJi3rpYETlh0wd14Lg5Is9MWvEf55TAGd7yo+xGHuEZp7ololyvftbQZ1i7ZuITA7DgNPJED6EMhFSWycq7SBg==",
        "dependencies": {
          "Microsoft.AspNetCore.TestHost": "10.0.11",
          "Microsoft.Extensions.DependencyModel": "10.0.11"
        }
      },
      "Microsoft.AspNetCore.TestHost": {
        "type": "Transitive",
        "resolved": "10.0.11",
        "contentHash": "IVGNbZVxLuL80y7cmXYfhIFoTGneHkp4D7xXarYe6V/wjo8/2qiSLUwWax1/h2eHtJ3Y5cuqmtpOyWMnXIsUMA=="
      },
      "Microsoft.Bcl.AsyncInterfaces": {
        "type": "Transitive",
        "resolved": "6.0.0",
        "contentHash": "UcSjPsst+DfAdJGVDsu346FX0ci0ah+lw3WRtn18NUwEqRt70HaOQ7lI72vy3+1LxtqI3T5GWwV39rQSrCzAeg=="
      },
      "Microsoft.Build.Framework": {
        "type": "Transitive",
        "resolved": "18.0.2",
        "contentHash": "sOSb+0J4G/jCBW/YqmRuL0eOMXgfw1KQLdC9TkbvfA5xs7uNm+PBQXJCOzSJGXtZcZrtXozcwxPmUiRUbmd7FA=="
      },
      "Microsoft.CodeAnalysis.Analyzers": {
        "type": "Transitive",
        "resolved": "3.11.0",
        "contentHash": "v/EW3UE8/lbEYHoC2Qq7AR/DnmvpgdtAMndfQNmpuIMx/Mto8L5JnuCfdBYtgvalQOtfNCnxFejxuRrryvUTsg=="
      },
      "Microsoft.CodeAnalysis.Common": {
        "type": "Transitive",
        "resolved": "5.0.0",
        "contentHash": "ZXRAdvH6GiDeHRyd3q/km8Z44RoM6FBWHd+gen/la81mVnAdHTEsEkO5J0TCNXBymAcx5UYKt5TvgKBhaLJEow==",
        "dependencies": {
          "Microsoft.CodeAnalysis.Analyzers": "3.11.0"
        }
      },
      "Microsoft.CodeAnalysis.CSharp": {
        "type": "Transitive",
        "resolved": "5.0.0",
        "contentHash": "5DSyJ9bk+ATuDy7fp2Zt0mJStDVKbBoiz1DyfAwSa+k4H4IwykAUcV3URelw5b8/iVbfSaOwkwmPUZH6opZKCw==",
        "dependencies": {
          "Microsoft.CodeAnalysis.Analyzers": "3.11.0",
          "Microsoft.CodeAnalysis.Common": "[5.0.0]"
        }
      },
      "Microsoft.CodeAnalysis.CSharp.Workspaces": {
        "type": "Transitive",
        "resolved": "5.0.0",
        "contentHash": "Al/Q8B+yO8odSqGVpSvrShMFDvlQdIBU//F3E6Rb0YdiLSALE9wh/pvozPNnfmh5HDnvU+mkmSjpz4hQO++jaA==",
        "dependencies": {
          "Humanizer.Core": "2.14.1",
          "Microsoft.CodeAnalysis.Analyzers": "3.11.0",
          "Microsoft.CodeAnalysis.CSharp": "[5.0.0]",
          "Microsoft.CodeAnalysis.Common": "[5.0.0]",
          "Microsoft.CodeAnalysis.Workspaces.Common": "[5.0.0]",
          "System.Composition": "9.0.0"
        }
      },
      "Microsoft.CodeAnalysis.Workspaces.Common": {
        "type": "Transitive",
        "resolved": "5.0.0",
        "contentHash": "ZbUmIvT6lqTNKiv06Jl5wf0MTMi1vQ1oH7ou4CLcs2C/no/L7EhP3T8y3XXvn9VbqMcJaJnEsNA1jwYUMgc5jg==",
        "dependencies": {
          "Humanizer.Core": "2.14.1",
          "Microsoft.CodeAnalysis.Analyzers": "3.11.0",
          "Microsoft.CodeAnalysis.Common": "[5.0.0]",
          "System.Composition": "9.0.0"
        }
      },
      "Microsoft.CodeAnalysis.Workspaces.MSBuild": {
        "type": "Transitive",
        "resolved": "5.0.0",
        "contentHash": "/G+LVoAGMz6Ae8nm+PGLxSw+F5RjYx/J7irbTO5uKAPw1bxHyQJLc/YOnpDxt+EpPtYxvC9wvBsg/kETZp1F9Q==",
        "dependencies": {
          "Humanizer.Core": "2.14.1",
          "Microsoft.Build.Framework": "17.11.31",
          "Microsoft.CodeAnalysis.Analyzers": "3.11.0",
          "Microsoft.CodeAnalysis.Workspaces.Common": "[5.0.0]",
          "Microsoft.VisualStudio.SolutionPersistence": "1.0.52",
          "Newtonsoft.Json": "13.0.3",
          "System.Composition": "9.0.0"
        }
      },
      "Microsoft.EntityFrameworkCore": {
        "type": "Transitive",
        "resolved": "10.0.11",
        "contentHash": "VOSGU8en6HZJs8t7UMFN+9vGcRgVOOn6fA44Ngcg2NyvJ3P1KE94iAb0XzaVaGhXGtt+qaM/VtEn0/hzluQJeg==",
        "dependencies": {
          "Microsoft.EntityFrameworkCore.Abstractions": "10.0.11",
          "Microsoft.EntityFrameworkCore.Analyzers": "10.0.11"
        }
      },
      "Microsoft.EntityFrameworkCore.Abstractions": {
        "type": "Transitive",
        "resolved": "10.0.11",
        "contentHash": "6auJR+9+9VunznKfH7WGrHMrnrmA0F7JZ22EXzwXvVhjfnbu9Xq7NSIWaOf3KJsOanM2qf5ajJ2JR5TlcPZTLA=="
      },
      "Microsoft.EntityFrameworkCore.Analyzers": {
        "type": "Transitive",
        "resolved": "10.0.11",
        "contentHash": "Bv7X4wSSnzCQED9WYXKJ8fwgyvKwf0xZM1GO8xkf6CF9zl+UBnvjxmcPnokJRy0JKjc1SlHSzzhx1HcL4jitTQ=="
      },
      "Microsoft.EntityFrameworkCore.Design": {
        "type": "Transitive",
        "resolved": "10.0.11",
        "contentHash": "0zlzPs/jtrp2jGNZSxHLd0bRgDB/TlCDT17pnt8hovTVgCmC6qbX1277/goAlnZbRip1mZp1TVjjG+tj9PQ/Uw==",
        "dependencies": {
          "Humanizer.Core": "2.14.1",
          "Microsoft.Build.Framework": "18.0.2",
          "Microsoft.CodeAnalysis.CSharp": "5.0.0",
          "Microsoft.CodeAnalysis.CSharp.Workspaces": "5.0.0",
          "Microsoft.CodeAnalysis.Workspaces.MSBuild": "5.0.0",
          "Microsoft.EntityFrameworkCore.Relational": "10.0.11",
          "Microsoft.Extensions.DependencyModel": "10.0.11",
          "Mono.TextTemplating": "3.0.0",
          "Newtonsoft.Json": "13.0.4"
        }
      },
      "Microsoft.EntityFrameworkCore.Relational": {
        "type": "Transitive",
        "resolved": "10.0.11",
        "contentHash": "grznnTJgEYxaWpdKAsTzg6j+89jHgCXWYp+QGtlX5O92+w/VuhWM6JLPYb+uw8M9VhGUvOTsO76dYOy9vNPd5Q==",
        "dependencies": {
          "Microsoft.EntityFrameworkCore": "10.0.11"
        }
      },
      "Microsoft.EntityFrameworkCore.Tools": {
        "type": "Transitive",
        "resolved": "10.0.11",
        "contentHash": "fW/oDEgLXxqZK2loShxFTvx+TWLqB/JyyR8PS/jMdiZ2JCLi7TflZas3CGHmTcMPOS4XSoZRYluoJeIzSMobvw==",
        "dependencies": {
          "Microsoft.EntityFrameworkCore.Design": "10.0.11"
        }
      },
      "Microsoft.Extensions.ApiDescription.Server": {
        "type": "Transitive",
        "resolved": "10.0.0",
        "contentHash": "NCWCGiwRwje8773yzPQhvucYnnfeR+ZoB1VRIrIMp4uaeUNw7jvEPHij3HIbwCDuNCrNcphA00KSAR9yD9qmbg=="
      },
      "Microsoft.Extensions.Caching.Hybrid": {
        "type": "Transitive",
        "resolved": "10.9.0",
        "contentHash": "D0tHRbUCliInxTfPgN9K6RxrCVaWu9kyIT66vbIJ/YwA6BV2xa8vTqoE3JQXA2Rf2vRdgd29+HR6Ay6KmzDslw=="
      },
      "Microsoft.Extensions.DependencyModel": {
        "type": "Transitive",
        "resolved": "10.0.11",
        "contentHash": "PJPtFYsZ+r+uz9qqXWUTEyKeJ1EiBGIJtqavkg9ZXijjGSFAk4Fgi5sqIxj+uAyLZwEKgexDUQXhWhvU6l3+og=="
      },
      "Microsoft.OpenApi": {
        "type": "Transitive",
        "resolved": "2.7.5",
        "contentHash": "0FA67RSnRM4tcBKqiqVu/HPdZ9+QOKbmeRjxRUGTCjPU4C0bmUhd97Dso7Yild5P7nOV6GxJ2xrK0Kv/O9xp0w=="
      },
      "Microsoft.Testing.Extensions.GitHubActionsReport": {
        "type": "Transitive",
        "resolved": "2.4.0",
        "contentHash": "ifLB/Tn18NWKcJ0weNJ76XgTsSqrOn0Qekccm6FJoOf7gmfOhME+p4VPok74+/iHsUBwm3rmJTxmXcLbS3pWdw==",
        "dependencies": {
          "Microsoft.Testing.Platform": "[2.4.0, 3.0.0)"
        }
      },
      "Microsoft.Testing.Platform": {
        "type": "Transitive",
        "resolved": "2.4.0",
        "contentHash": "dp1N3P1ujb0ztwFgqz2o/ItEvq+pm19/AiA+Xq7Zpcy7oPMcxDBZLYGtf0LlU1MveEBJuKVjZhI+LnkfcH/0jQ=="
      },
      "Microsoft.VisualStudio.SolutionPersistence": {
        "type": "Transitive",
        "resolved": "1.0.52",
        "contentHash": "oNv2JtYXhpdJrX63nibx1JT3uCESOBQ1LAk7Dtz/sr0+laW0KRM6eKp4CZ3MHDR2siIkKsY8MmUkeP5DKkQQ5w=="
      },
      "Microsoft.Win32.SystemEvents": {
        "type": "Transitive",
        "resolved": "6.0.0",
        "contentHash": "hqTM5628jSsQiv+HGpiq3WKBl2c8v1KZfby2J6Pr7pEPlK9waPdgEO6b8A/+/xn/yZ9ulv8HuqK71ONy2tg67A=="
      },
      "Mono.TextTemplating": {
        "type": "Transitive",
        "resolved": "3.0.0",
        "contentHash": "YqueG52R/Xej4VVbKuRIodjiAhV0HR/XVbLbNrJhCZnzjnSjgMJ/dCdV0akQQxavX6hp/LC6rqLGLcXeQYU7XA==",
        "dependencies": {
          "System.CodeDom": "6.0.0"
        }
      },
      "NetEscapades.AspNetCore.SecurityHeaders": {
        "type": "Transitive",
        "resolved": "1.3.1",
        "contentHash": "wccVMVSGq9nQ43SjJl1s/VaAo+iWauJYWiZy/Hkvszk2vCQdq7aRn7GL3LTBMsnHuI13JRMfCi9Lk8747+njUg=="
      },
      "Newtonsoft.Json": {
        "type": "Transitive",
        "resolved": "13.0.4",
        "contentHash": "pdgNNMai3zv51W5aq268sujXUyx7SNdE2bj1wZcWjAQrKMFZV260lbqYop1d2GM67JI1huLRwxo9ZqnfF/lC6A=="
      },
      "NLog": {
        "type": "Transitive",
        "resolved": "6.2.0",
        "contentHash": "CxK6AjM1Wy3hM8YeBpLJJuB/JdoeIVvX0/fMTWeIXD917UozCtzv6cZDamevugeEaBBF0TIatfcNX2iJHI0Cew=="
      },
      "NLog.Extensions.Logging": {
        "type": "Transitive",
        "resolved": "6.2.0",
        "contentHash": "ZNitUMsNUir+P4A87OhfItgeIiodwSG3Iq15LuNk/Wqjjm2ho3OptjykpWJmFs/Zlgr41XmUB3XbNvhBoCBUrg==",
        "dependencies": {
          "NLog": "6.2.0"
        }
      },
      "NLog.Targets.Network": {
        "type": "Transitive",
        "resolved": "6.1.5",
        "contentHash": "mCJgN0ghcLcMEpTnMwxDD+QbwxaqdltTwi7T6J2poykbPxhZRuu+5f3spXU2DKzh3WM9RK6weYRFji+CBGk6FA==",
        "dependencies": {
          "NLog": "6.1.4"
        }
      },
      "NLog.Web.AspNetCore": {
        "type": "Transitive",
        "resolved": "6.2.0",
        "contentHash": "YdXkeY7nvzTUmZR5+tHNMNhmHopepFMGRrkkLNbAiZI3Bd7kz6wTIfegAga4FLKjZryXilDAwx+Rk1JEeiHn/w==",
        "dependencies": {
          "NLog.Extensions.Logging": "6.2.0"
        }
      },
      "Npgsql": {
        "type": "Transitive",
        "resolved": "10.0.3",
        "contentHash": "7nb5YzXuvWWJxB0J8DiyL3we+X4FOctZrt0fIBnucOIaIevFEEwGQVZKtiu9olXdlNAK1eNgqSral6r/jlhI4w=="
      },
      "Npgsql.DependencyInjection": {
        "type": "Transitive",
        "resolved": "10.0.3",
        "contentHash": "L0595kRX2NS5QWu/XGhQPmdhRLv3KhFGhnwpy8pEKZh4qlkom6wek1GW+eMBiPzoqFWlxHp3nc5myIKlX8VvYA==",
        "dependencies": {
          "Npgsql": "10.0.3"
        }
      },
      "Npgsql.EntityFrameworkCore.PostgreSQL": {
        "type": "Transitive",
        "resolved": "10.0.3",
        "contentHash": "IPGrrZnRkuW7OlHDhUESZz4G5DLkW7Nej/O3Cx+0iTsgyU5XJxBgpsvTHLloo3WWuAKKbDHXBvWPVkX1deRh1Q==",
        "dependencies": {
          "Microsoft.EntityFrameworkCore": "[10.0.4, 11.0.0)",
          "Microsoft.EntityFrameworkCore.Relational": "[10.0.4, 11.0.0)",
          "Npgsql": "10.0.3"
        }
      },
      "NSubstitute": {
        "type": "Transitive",
        "resolved": "5.0.0",
        "contentHash": "CWGy4oXvcJcZzL7m5Rr/eMSejFXMDq1RRMlsbL6eltS3AuN/d8GH3ZzUcuStQcCSlcx+hpsgTxdnb3lhozWG6w==",
        "dependencies": {
          "Castle.Core": "5.0.0"
        }
      },
      "NSubstitute.Analyzers.CSharp": {
        "type": "Transitive",
        "resolved": "1.0.17",
        "contentHash": "Pwz0MD7CAM/G/fvJjM3ceOfI+S0IgjanHcK7evwyrW9qAWUG8fgiEXYfSX1/s3h2JUNDOw6ik0G8zp+RT61Y1g=="
      },
      "SharpZipLib": {
        "type": "Transitive",
        "resolved": "1.4.2",
        "contentHash": "yjj+3zgz8zgXpiiC3ZdF/iyTBbz2fFvMxZFEBPUcwZjIvXOf37Ylm+K58hqMfIBt5JgU/Z2uoUS67JmTLe973A=="
      },
      "SSH.NET": {
        "type": "Transitive",
        "resolved": "2026.0.0",
        "contentHash": "Yu9dirPq8l3oaat0+OQ7K0nUf5MmYltpia5UGqsApTG4zTPvBC1cxbNnC3NERij26dUST0A3Ef1QdHSn5ArbWQ==",
        "dependencies": {
          "BouncyCastle.Cryptography": "2.7.0"
        }
      },
      "Swashbuckle.AspNetCore": {
        "type": "Transitive",
        "resolved": "10.2.3",
        "contentHash": "8KNh1RWvofdU6DVLyBs4Z/OpUMnmf8oNvJQc0QxpwySRbi42bwLfdVMMrXZWANg5U5KQGQq1xW6r/hlcqw99tQ==",
        "dependencies": {
          "Microsoft.Extensions.ApiDescription.Server": "10.0.0",
          "Swashbuckle.AspNetCore.Swagger": "10.2.3",
          "Swashbuckle.AspNetCore.SwaggerGen": "10.2.3",
          "Swashbuckle.AspNetCore.SwaggerUI": "10.2.3"
        }
      },
      "Swashbuckle.AspNetCore.Swagger": {
        "type": "Transitive",
        "resolved": "10.2.3",
        "contentHash": "1jUUs3WQnrS0FUtaZPLSy1yYMEwS1zlvDmvQ2/eldPHUANX0LJSLVZecCMgSMdeGiRqeaRrIXLtSz++TCiTMww==",
        "dependencies": {
          "Microsoft.OpenApi": "2.7.5"
        }
      },
      "Swashbuckle.AspNetCore.SwaggerGen": {
        "type": "Transitive",
        "resolved": "10.2.3",
        "contentHash": "y7t4coDRAeFYChmvlMRiH2OjbiRrm9AVIDgt17fQfs3x9PVAI5PiwWYOhg+4F13R4Q36WDc9lqfoOnNa3tNbGg==",
        "dependencies": {
          "Swashbuckle.AspNetCore.Swagger": "10.2.3"
        }
      },
      "Swashbuckle.AspNetCore.SwaggerUI": {
        "type": "Transitive",
        "resolved": "10.2.3",
        "contentHash": "nthWONRs/FJ4yyG206g1cC52WEG8EqrjuMWjGdR+5XG7lbjFto6NqcI9EMICgVFom/UivIjUVwI76ZHbHwTPfQ=="
      },
      "System.CodeDom": {
        "type": "Transitive",
        "resolved": "6.0.0",
        "contentHash": "CPc6tWO1LAer3IzfZufDBRL+UZQcj5uS207NHALQzP84Vp/z6wF0Aa0YZImOQY8iStY0A2zI/e3ihKNPfUm8XA=="
      },
      "System.ComponentModel.Annotations": {
        "type": "Transitive",
        "resolved": "5.0.0",
        "contentHash": "dMkqfy2el8A8/I76n2Hi1oBFEbG1SfxD2l5nhwXV3XjlnOmwxJlQbYpJH4W51odnU9sARCSAgv7S3CyAFMkpYg=="
      },
      "System.Composition": {
        "type": "Transitive",
        "resolved": "9.0.0",
        "contentHash": "3Djj70fFTraOarSKmRnmRy/zm4YurICm+kiCtI0dYRqGJnLX6nJ+G3WYuFJ173cAPax/gh96REcbNiVqcrypFQ==",
        "dependencies": {
          "System.Composition.AttributedModel": "9.0.0",
          "System.Composition.Convention": "9.0.0",
          "System.Composition.Hosting": "9.0.0",
          "System.Composition.Runtime": "9.0.0",
          "System.Composition.TypedParts": "9.0.0"
        }
      },
      "System.Composition.AttributedModel": {
        "type": "Transitive",
        "resolved": "9.0.0",
        "contentHash": "iri00l/zIX9g4lHMY+Nz0qV1n40+jFYAmgsaiNn16xvt2RDwlqByNG4wgblagnDYxm3YSQQ0jLlC/7Xlk9CzyA=="
      },
      "System.Composition.Convention": {
        "type": "Transitive",
        "resolved": "9.0.0",
        "contentHash": "+vuqVP6xpi582XIjJi6OCsIxuoTZfR0M7WWufk3uGDeCl3wGW6KnpylUJ3iiXdPByPE0vR5TjJgR6hDLez4FQg==",
        "dependencies": {
          "System.Composition.AttributedModel": "9.0.0"
        }
      },
      "System.Composition.Hosting": {
        "type": "Transitive",
        "resolved": "9.0.0",
        "contentHash": "OFqSeFeJYr7kHxDfaViGM1ymk7d4JxK//VSoNF9Ux0gpqkLsauDZpu89kTHHNdCWfSljbFcvAafGyBoY094btQ==",
        "dependencies": {
          "System.Composition.Runtime": "9.0.0"
        }
      },
      "System.Composition.Runtime": {
        "type": "Transitive",
        "resolved": "9.0.0",
        "contentHash": "w1HOlQY1zsOWYussjFGZCEYF2UZXgvoYnS94NIu2CBnAGMbXFAX8PY8c92KwUItPmowal68jnVLBCzdrWLeEKA=="
      },
      "System.Composition.TypedParts": {
        "type": "Transitive",
        "resolved": "9.0.0",
        "contentHash": "aRZlojCCGEHDKqh43jaDgaVpYETsgd7Nx4g1zwLKMtv4iTo0627715ajEFNpEEBTgLmvZuv8K0EVxc3sM4NWJA==",
        "dependencies": {
          "System.Composition.AttributedModel": "9.0.0",
          "System.Composition.Hosting": "9.0.0",
          "System.Composition.Runtime": "9.0.0"
        }
      },
      "System.Drawing.Common": {
        "type": "Transitive",
        "resolved": "6.0.0",
        "contentHash": "NfuoKUiP2nUWwKZN6twGqXioIe1zVD0RIj2t976A+czLHr2nY454RwwXs6JU9Htc6mwqL6Dn/nEL3dpVf2jOhg==",
        "dependencies": {
          "Microsoft.Win32.SystemEvents": "6.0.0"
        }
      },
      "System.IO.Hashing": {
        "type": "Transitive",
        "resolved": "10.0.11",
        "contentHash": "OzKDcIRkeNJeC8qAsbn8yJXnfTLP1dtkWILe+T56Gf/z+IkAASi7sMqLqJQat08j5z/mRN5xVtoAwbkMNMoBUQ=="
      },
      "System.Memory.Data": {
        "type": "Transitive",
        "resolved": "10.0.11",
        "contentHash": "XJm7L8ie8wOGuPsu4+26Cr2Jk1kxRi1Z2AAuXhqvQBWGA/52/Nrt+UQwFud685rugPuZvwUP0FXdDTVwns1y4Q=="
      },
      "Testcontainers": {
        "type": "Transitive",
        "resolved": "4.14.0",
        "contentHash": "ojuBi91xcMsR6vnFuNsQDWU9tlZlrtmqy95VPNWVVnh24GiwFL/WMnVmb6bRv8LqovtnKPJN9cpmH1k02Z4ZoA==",
        "dependencies": {
          "Docker.DotNet.Enhanced": "4.3.3",
          "Docker.DotNet.Enhanced.X509": "4.3.3",
          "SSH.NET": "2026.0.0",
          "SharpZipLib": "1.4.2"
        }
      },
      "Testcontainers.PostgreSql": {
        "type": "Transitive",
        "resolved": "4.14.0",
        "contentHash": "OPHWR9oCW89yuNxJjUo8Xtwrk0bcOdzFOE2Ryo01GAf/3WEzD+0j0gmdKSxx5kBprCdlbXurBJyaV7nSLPyWKQ==",
        "dependencies": {
          "Testcontainers": "4.14.0"
        }
      },
      "Testcontainers.RabbitMq": {
        "type": "Transitive",
        "resolved": "4.14.0",
        "contentHash": "NUUrGSZEW3XpDDY7OSAjeJdl9fNLd8f29CdQ7s8AiBODl035mawyTAu+JicWfGGXaGsLqdcUUlEFTc0b1WtmQA==",
        "dependencies": {
          "Testcontainers": "4.14.0"
        }
      },
      "xunit.v3.common": {
        "type": "Transitive",
        "resolved": "4.0.0",
        "contentHash": "cjaNGmOVA5QJxcp6uuSsDhbt0lNmxezFo226mbYOuXm9E9Owq8bYTKxa9wnAMZRnbvyCmCYhAvc/+UAzf0M2vA==",
        "dependencies": {
          "Microsoft.Bcl.AsyncInterfaces": "6.0.0"
        }
      },
      "xunit.v3.extensibility.core": {
        "type": "Transitive",
        "resolved": "4.0.0",
        "contentHash": "+tTe9VX2vwrUHGI48FE4ly956Ry084wPH4I/7g5D36AkAMGjQRZZDVz8eH2GwX/CLS9PDQRSca534WyrAYsyzw==",
        "dependencies": {
          "xunit.v3.common": "[4.0.0]"
        }
      },
      "drn.framework.entityframework": {
        "type": "Project",
        "dependencies": {
          "DRN.Framework.Utils": "[1.0.0, )",
          "EFCore.NamingConventions": "[10.0.1, )",
          "Microsoft.AspNetCore.Identity.EntityFrameworkCore": "[10.0.11, )",
          "Microsoft.EntityFrameworkCore.Design": "[10.0.11, )",
          "Microsoft.EntityFrameworkCore.Tools": "[10.0.11, )",
          "Npgsql.DependencyInjection": "[10.0.3, )",
          "Npgsql.EntityFrameworkCore.PostgreSQL": "[10.0.3, )"
        }
      },
      "drn.framework.hosting": {
        "type": "Project",
        "dependencies": {
          "DRN.Framework.Utils": "[1.0.0, )",
          "NLog.Targets.Network": "[6.1.5, )",
          "NLog.Web.AspNetCore": "[6.2.0, )",
          "NetEscapades.AspNetCore.SecurityHeaders": "[1.3.1, )",
          "Swashbuckle.AspNetCore": "[10.2.3, )"
        }
      },
      "drn.framework.sharedkernel": {
        "type": "Project"
      },
      "drn.framework.testing": {
        "type": "Project",
        "dependencies": {
          "AutoFixture.AutoNSubstitute": "[5.0.0-rc.1, )",
          "AutoFixture.Xunit3": "[5.0.0-rc.1, )",
          "AwesomeAssertions": "[9.6.0, )",
          "DRN.Framework.EntityFramework": "[1.0.0, )",
          "DRN.Framework.Hosting": "[1.0.0, )",
          "Microsoft.AspNetCore.Mvc.Testing": "[10.0.11, )",
          "Microsoft.Testing.Extensions.GitHubActionsReport": "[2.4.0, )",
          "NSubstitute.Analyzers.CSharp": "[1.0.17, )",
          "Testcontainers.PostgreSql": "[4.14.0, )",
          "Testcontainers.RabbitMq": "[4.14.0, )",
          "xunit.v3.extensibility.core": "[4.0.0, )"
        }
      },
      "drn.framework.utils": {
        "type": "Project",
        "dependencies": {
          "Blake3.Native": "[3.0.2, )",
          "DRN.Framework.SharedKernel": "[1.0.0, )",
          "Flurl.Http": "[4.0.2, )",
          "Microsoft.EntityFrameworkCore": "[10.0.11, )",
          "Microsoft.Extensions.Caching.Hybrid": "[10.9.0, )",
          "System.IO.Hashing": "[10.0.11, )",
          "System.Memory.Data": "[10.0.11, )"
        }
      },
      "sample.application": {
        "type": "Project",
        "dependencies": {
          "Sample.Infra": "[1.0.0, )"
        }
      },
      "sample.contract": {
        "type": "Project",
        "dependencies": {
          "DRN.Framework.SharedKernel": "[1.0.0, )"
        }
      },
      "sample.domain": {
        "type": "Project",
        "dependencies": {
          "Sample.Contract": "[1.0.0, )",
          "Sample.Utils": "[1.0.0, )"
        }
      },
      "sample.infra": {
        "type": "Project",
        "dependencies": {
          "DRN.Framework.EntityFramework": "[1.0.0, )",
          "Microsoft.AspNetCore.DataProtection.EntityFrameworkCore": "[10.0.11, )",
          "Sample.Domain": "[1.0.0, )"
        }
      },
      "sample.utils": {
        "type": "Project",
        "dependencies": {
          "DRN.Framework.Utils": "[1.0.0, )"
        }
      }
    },
    "net10.0/linux-arm64": {
      "Blake3.Native": {
        "type": "Transitive",
        "resolved": "3.0.2",
        "contentHash": "Yq4rCmvgPsjJhB4reD98RwxFWq51BvnSrnNlcFq8aA+6da6atTJTdgAhxN4UqcwpDsa8wBqbgGf/52thhbSEjA=="
      },
      "Microsoft.Win32.SystemEvents": {
        "type": "Transitive",
        "resolved": "6.0.0",
        "contentHash": "hqTM5628jSsQiv+HGpiq3WKBl2c8v1KZfby2J6Pr7pEPlK9waPdgEO6b8A/+/xn/yZ9ulv8HuqK71ONy2tg67A=="
      },
      "System.Drawing.Common": {
        "type": "Transitive",
        "resolved": "6.0.0",
        "contentHash": "NfuoKUiP2nUWwKZN6twGqXioIe1zVD0RIj2t976A+czLHr2nY454RwwXs6JU9Htc6mwqL6Dn/nEL3dpVf2jOhg==",
        "dependencies": {
          "Microsoft.Win32.SystemEvents": "6.0.0"
        }
      }
    },
    "net10.0/linux-x64": {
      "Blake3.Native": {
        "type": "Transitive",
        "resolved": "3.0.2",
        "contentHash": "Yq4rCmvgPsjJhB4reD98RwxFWq51BvnSrnNlcFq8aA+6da6atTJTdgAhxN4UqcwpDsa8wBqbgGf/52thhbSEjA=="
      },
      "Microsoft.Win32.SystemEvents": {
        "type": "Transitive",
        "resolved": "6.0.0",
        "contentHash": "hqTM5628jSsQiv+HGpiq3WKBl2c8v1KZfby2J6Pr7pEPlK9waPdgEO6b8A/+/xn/yZ9ulv8HuqK71ONy2tg67A=="
      },
      "System.Drawing.Common": {
        "type": "Transitive",
        "resolved": "6.0.0",
        "contentHash": "NfuoKUiP2nUWwKZN6twGqXioIe1zVD0RIj2t976A+czLHr2nY454RwwXs6JU9Htc6mwqL6Dn/nEL3dpVf2jOhg==",
        "dependencies": {
          "Microsoft.Win32.SystemEvents": "6.0.0"
        }
      }
    }
  }
}